dependencies:
  idf:
    source:
      type: idf
    version: 5.4.0
  nimble_peripheral_utils:
    dependencies: []
    source:
      path: /Users/artahc/esp/v5.4/esp-idf/examples/bluetooth/nimble/common/nimble_peripheral_utils
      type: local
    version: '*'
direct_dependencies:
- nimble_peripheral_utils
manifest_hash: 7bbb29c87a4d8490ecad951b908a41a32d0a117f5ad58e1aeeccec0e8e605626
target: esp32c3
version: 2.0.0
